{
  "nodes": {
    "nixpkgs": {
      "locked": {
        "lastModified": 1695825837,
        "narHash": "sha256-4Ne11kNRnQsmSJCRSSNkFRSnHC4Y5gPDBIQGjjPfJiU=",
        "owner": "nixos",
        "repo": "nixpkgs",
        "rev": "5cfafa12d57374f48bcc36fda3274ada276cf69e",
        "type": "github"
      },
      "original": {
        "owner": "nixos",
        "ref": "nixos-23.05",
        "repo": "nixpkgs",
        "type": "github"
      }
    },
    "root": {
      "inputs": {
        "nixpkgs": "nixpkgs",
        "unstable": "unstable"
      }
    },
    "unstable": {
      "locked": {
        "lastModified": 1700390070,
        "narHash": "sha256-de9KYi8rSJpqvBfNwscWdalIJXPo8NjdIZcEJum1mH0=",
        "owner": "nixos",
        "repo": "nixpkgs",
        "rev": "e4ad989506ec7d71f7302cc3067abd82730a4beb",
        "type": "github"
      },
      "original": {
        "owner": "nixos",
        "ref": "nixos-unstable",
        "repo": "nixpkgs",
        "type": "github"
      }
    }
  },
  "root": "root",
  "version": 7
}
